{
    "name": "graphviz-preview",
    "version": "1.3.0",
    "lockfileVersion": 1,
    "requires": true,
    "dependencies": {
        "@types/mocha": {
            "version": "5.2.6",
            "resolved": "https://registry.npmjs.org/@types/mocha/-/mocha-5.2.6.tgz",
            "integrity": "sha512-1axi39YdtBI7z957vdqXI4Ac25e7YihYQtJa+Clnxg1zTJEaIRbndt71O3sP4GAMgiAm0pY26/b9BrY4MR/PMw==",
            "dev": true
        },
        "@types/node": {
            "version": "10.12.30",
            "resolved": "https://registry.npmjs.org/@types/node/-/node-10.12.30.tgz",
            "integrity": "sha512-nsqTN6zUcm9xtdJiM9OvOJ5EF0kOI8f1Zuug27O/rgtxCRJHGqncSWfCMZUP852dCKPsDsYXGvBhxfRjDBkF5Q==",
            "dev": true
        }
    }
}
